
Microsoft Visual Studio Solution File, Format Version 12.00
# Visual Studio Version 16
VisualStudioVersion = 16.0.33214.272
MinimumVisualStudioVersion = 10.0.40219.1
Project("{9A19103F-16F7-4668-BE54-9A1E7A4F7556}") = "Api", "Api\Api.csproj", "{6E71D829-77CF-42DF-8D5B-6BA2743FAE0F}"
EndProject
Project("{9A19103F-16F7-4668-BE54-9A1E7A4F7556}") = "Services", "Services\Services.csproj", "{67CE4295-5BE9-4A47-B6F5-DD690F8F75A6}"
EndProject
Project("{9A19103F-16F7-4668-BE54-9A1E7A4F7556}") = "Data", "Data\Data.csproj", "{E18C8FB9-B368-4EA3-86AB-C5D4C652816D}"
EndProject
Project("{9A19103F-16F7-4668-BE54-9A1E7A4F7556}") = "Utils", "Utils\Utils.csproj", "{CD263D9D-CA5D-4315-99AF-4FC9AF5901C3}"
EndProject
Project("{FAE04EC0-301F-11D3-BF4B-00C04F79EFBC}") = "Tests", "Tests\Tests.csproj", "{E923308D-B51D-4A2F-A450-DEC2C9487C63}"
EndProject
Global
	GlobalSection(SolutionConfigurationPlatforms) = preSolution
		Debug|Any CPU = Debug|Any CPU
		Release|Any CPU = Release|Any CPU
	EndGlobalSection
	GlobalSection(ProjectConfigurationPlatforms) = postSolution
		{6E71D829-77CF-42DF-8D5B-6BA2743FAE0F}.Debug|Any CPU.ActiveCfg = Debug|Any CPU
		{6E71D829-77CF-42DF-8D5B-6BA2743FAE0F}.Debug|Any CPU.Build.0 = Debug|Any CPU
		{6E71D829-77CF-42DF-8D5B-6BA2743FAE0F}.Release|Any CPU.ActiveCfg = Release|Any CPU
		{6E71D829-77CF-42DF-8D5B-6BA2743FAE0F}.Release|Any CPU.Build.0 = Release|Any CPU
		{67CE4295-5BE9-4A47-B6F5-DD690F8F75A6}.Debug|Any CPU.ActiveCfg = Debug|Any CPU
		{67CE4295-5BE9-4A47-B6F5-DD690F8F75A6}.Debug|Any CPU.Build.0 = Debug|Any CPU
		{67CE4295-5BE9-4A47-B6F5-DD690F8F75A6}.Release|Any CPU.ActiveCfg = Release|Any CPU
		{67CE4295-5BE9-4A47-B6F5-DD690F8F75A6}.Release|Any CPU.Build.0 = Release|Any CPU
		{E18C8FB9-B368-4EA3-86AB-C5D4C652816D}.Debug|Any CPU.ActiveCfg = Debug|Any CPU
		{E18C8FB9-B368-4EA3-86AB-C5D4C652816D}.Debug|Any CPU.Build.0 = Debug|Any CPU
		{E18C8FB9-B368-4EA3-86AB-C5D4C652816D}.Release|Any CPU.ActiveCfg = Release|Any CPU
		{E18C8FB9-B368-4EA3-86AB-C5D4C652816D}.Release|Any CPU.Build.0 = Release|Any CPU
		{CD263D9D-CA5D-4315-99AF-4FC9AF5901C3}.Debug|Any CPU.ActiveCfg = Debug|Any CPU
		{CD263D9D-CA5D-4315-99AF-4FC9AF5901C3}.Debug|Any CPU.Build.0 = Debug|Any CPU
		{CD263D9D-CA5D-4315-99AF-4FC9AF5901C3}.Release|Any CPU.ActiveCfg = Release|Any CPU
		{CD263D9D-CA5D-4315-99AF-4FC9AF5901C3}.Release|Any CPU.Build.0 = Release|Any CPU
		{E923308D-B51D-4A2F-A450-DEC2C9487C63}.Debug|Any CPU.ActiveCfg = Debug|Any CPU
		{E923308D-B51D-4A2F-A450-DEC2C9487C63}.Debug|Any CPU.Build.0 = Debug|Any CPU
		{E923308D-B51D-4A2F-A450-DEC2C9487C63}.Release|Any CPU.ActiveCfg = Release|Any CPU
		{E923308D-B51D-4A2F-A450-DEC2C9487C63}.Release|Any CPU.Build.0 = Release|Any CPU
	EndGlobalSection
	GlobalSection(SolutionProperties) = preSolution
		HideSolutionNode = FALSE
	EndGlobalSection
	GlobalSection(ExtensibilityGlobals) = postSolution
		SolutionGuid = {AF2555AB-6137-417B-98DC-F48A06BE5E1C}
	EndGlobalSection
EndGlobal
